{
  "lockfileVersion": 1,
  "dependencies": {
    "air-datepicker": {
      "version": "https://registry.npmjs.org/air-datepicker/-/air-datepicker-2.2.3.tgz",
      "integrity": "sha1-nbtrxryMnZ2zgEdQkTcNrYLC94c="
    },
    "backbone": {
      "version": "1.3.3",
      "resolved": "https://registry.npmjs.org/backbone/-/backbone-1.3.3.tgz",
      "integrity": "sha1-TMgOp8sWMaxHSInOQPL4vGg7KZk="
    },
    "jquery": {
      "version": "https://registry.npmjs.org/jquery/-/jquery-3.1.1.tgz",
      "integrity": "sha1-NHwcIcfgBBFeCk2jLOzgQfrTyKM="
    },
    "requestanimationframe": {
      "version": "0.0.23",
      "resolved": "https://registry.npmjs.org/requestanimationframe/-/requestanimationframe-0.0.23.tgz",
      "integrity": "sha1-7XmXLsCgUt+KzGuRxXUMsZ5/CQg="
    },
    "two.js": {
      "version": "0.6.0",
      "resolved": "https://registry.npmjs.org/two.js/-/two.js-0.6.0.tgz",
      "integrity": "sha1-8kGZ2A34v8FfyrJ3udx28LEam7M="
    },
    "underscore": {
      "version": "1.8.3",
      "resolved": "https://registry.npmjs.org/underscore/-/underscore-1.8.3.tgz",
      "integrity": "sha1-Tz+1OxBuYJf8+ctBCfKl6b36UCI="
    }
  }
}
